
Microsoft Visual Studio Solution File, Format Version 12.00
# Visual Studio Version 16
VisualStudioVersion = 16.0.29926.136
MinimumVisualStudioVersion = 10.0.40219.1
Project("{FAE04EC0-301F-11D3-BF4B-00C04F79EFBC}") = "Shell.PriceCalculator", "Shell.PriceCalculator\Shell.PriceCalculator.csproj", "{E9E5E7BB-34F8-4F23-B30A-A60137E06EF3}"
EndProject
Project("{FAE04EC0-301F-11D3-BF4B-00C04F79EFBC}") = "Shell.PriceCalculator.Engine", "Shell.PriceCalculator.Engine\Shell.PriceCalculator.Engine.csproj", "{B11419D2-EB12-4FC6-B199-2DA4CDC2112A}"
EndProject
Project("{FAE04EC0-301F-11D3-BF4B-00C04F79EFBC}") = "Shell.PriceCalculator.Contracts", "Shell.PriceCalculator.Contracts\Shell.PriceCalculator.Contracts.csproj", "{C78720C7-D9D7-4B59-BD07-4A2B8540F084}"
EndProject
Project("{FAE04EC0-301F-11D3-BF4B-00C04F79EFBC}") = "Shell.PriceCalculator.Engine.Tests.Unit", "Shell.PriceCalculator.Engine.Tests.Unit\Shell.PriceCalculator.Engine.Tests.Unit.csproj", "{C2D7224D-940A-44B8-8E67-202F7EB3F84C}"
EndProject
Project("{FAE04EC0-301F-11D3-BF4B-00C04F79EFBC}") = "Shell.PriceCalculator.Tests.Integration", "Shell.PriceCalculator.Tests.Integration\Shell.PriceCalculator.Tests.Integration.csproj", "{77E81D47-3173-4273-A783-DACC9A9683F6}"
EndProject
Global
	GlobalSection(SolutionConfigurationPlatforms) = preSolution
		Debug|Any CPU = Debug|Any CPU
		Release|Any CPU = Release|Any CPU
	EndGlobalSection
	GlobalSection(ProjectConfigurationPlatforms) = postSolution
		{E9E5E7BB-34F8-4F23-B30A-A60137E06EF3}.Debug|Any CPU.ActiveCfg = Debug|Any CPU
		{E9E5E7BB-34F8-4F23-B30A-A60137E06EF3}.Debug|Any CPU.Build.0 = Debug|Any CPU
		{E9E5E7BB-34F8-4F23-B30A-A60137E06EF3}.Release|Any CPU.ActiveCfg = Release|Any CPU
		{E9E5E7BB-34F8-4F23-B30A-A60137E06EF3}.Release|Any CPU.Build.0 = Release|Any CPU
		{B11419D2-EB12-4FC6-B199-2DA4CDC2112A}.Debug|Any CPU.ActiveCfg = Debug|Any CPU
		{B11419D2-EB12-4FC6-B199-2DA4CDC2112A}.Debug|Any CPU.Build.0 = Debug|Any CPU
		{B11419D2-EB12-4FC6-B199-2DA4CDC2112A}.Release|Any CPU.ActiveCfg = Release|Any CPU
		{B11419D2-EB12-4FC6-B199-2DA4CDC2112A}.Release|Any CPU.Build.0 = Release|Any CPU
		{C78720C7-D9D7-4B59-BD07-4A2B8540F084}.Debug|Any CPU.ActiveCfg = Debug|Any CPU
		{C78720C7-D9D7-4B59-BD07-4A2B8540F084}.Debug|Any CPU.Build.0 = Debug|Any CPU
		{C78720C7-D9D7-4B59-BD07-4A2B8540F084}.Release|Any CPU.ActiveCfg = Release|Any CPU
		{C78720C7-D9D7-4B59-BD07-4A2B8540F084}.Release|Any CPU.Build.0 = Release|Any CPU
		{C2D7224D-940A-44B8-8E67-202F7EB3F84C}.Debug|Any CPU.ActiveCfg = Debug|Any CPU
		{C2D7224D-940A-44B8-8E67-202F7EB3F84C}.Debug|Any CPU.Build.0 = Debug|Any CPU
		{C2D7224D-940A-44B8-8E67-202F7EB3F84C}.Release|Any CPU.ActiveCfg = Release|Any CPU
		{C2D7224D-940A-44B8-8E67-202F7EB3F84C}.Release|Any CPU.Build.0 = Release|Any CPU
		{77E81D47-3173-4273-A783-DACC9A9683F6}.Debug|Any CPU.ActiveCfg = Debug|Any CPU
		{77E81D47-3173-4273-A783-DACC9A9683F6}.Debug|Any CPU.Build.0 = Debug|Any CPU
		{77E81D47-3173-4273-A783-DACC9A9683F6}.Release|Any CPU.ActiveCfg = Release|Any CPU
		{77E81D47-3173-4273-A783-DACC9A9683F6}.Release|Any CPU.Build.0 = Release|Any CPU
	EndGlobalSection
	GlobalSection(SolutionProperties) = preSolution
		HideSolutionNode = FALSE
	EndGlobalSection
	GlobalSection(ExtensibilityGlobals) = postSolution
		SolutionGuid = {F6E7BB87-057A-47C9-8008-6FA0E3022880}
	EndGlobalSection
EndGlobal
